
Microsoft Visual Studio Solution File, Format Version 12.00
# Visual Studio Version 17
VisualStudioVersion = 17.11.35312.102
MinimumVisualStudioVersion = 10.0.40219.1
Project("{2150E333-8FDC-42A3-9474-1A3956D46DE8}") = "Task0", "Task0", "{CCE94C78-8EF9-4BF1-9D4E-954A8F4AD4AE}"
EndProject
Project("{FAE04EC0-301F-11D3-BF4B-00C04F79EFBC}") = "Tyuiu.KolesnikovMN.Sprint0.Task0.V0", "Tyuiu.KolesnikovMN.Sprint0.Task0.V0\Tyuiu.KolesnikovMN.Sprint0.Task0.V0.csproj", "{03CB5FF4-48BD-4374-ADFB-D32B7C2D351F}"
EndProject
Project("{2150E333-8FDC-42A3-9474-1A3956D46DE8}") = "Task1", "Task1", "{0EE3EA92-A8B8-44E8-86CF-30EBA72E24A3}"
EndProject
Project("{FAE04EC0-301F-11D3-BF4B-00C04F79EFBC}") = "Tyuiu.KolesnikovMN.Sprint0.Task1.V0", "Tyuiu.KolesnikovMN.Sprint0.Task1.V0\Tyuiu.KolesnikovMN.Sprint0.Task1.V0.csproj", "{74A10729-8D3D-47ED-955D-57DF072603ED}"
EndProject
Global
	GlobalSection(SolutionConfigurationPlatforms) = preSolution
		Debug|Any CPU = Debug|Any CPU
		Release|Any CPU = Release|Any CPU
	EndGlobalSection
	GlobalSection(ProjectConfigurationPlatforms) = postSolution
		{03CB5FF4-48BD-4374-ADFB-D32B7C2D351F}.Debug|Any CPU.ActiveCfg = Debug|Any CPU
		{03CB5FF4-48BD-4374-ADFB-D32B7C2D351F}.Debug|Any CPU.Build.0 = Debug|Any CPU
		{03CB5FF4-48BD-4374-ADFB-D32B7C2D351F}.Release|Any CPU.ActiveCfg = Release|Any CPU
		{03CB5FF4-48BD-4374-ADFB-D32B7C2D351F}.Release|Any CPU.Build.0 = Release|Any CPU
		{74A10729-8D3D-47ED-955D-57DF072603ED}.Debug|Any CPU.ActiveCfg = Debug|Any CPU
		{74A10729-8D3D-47ED-955D-57DF072603ED}.Debug|Any CPU.Build.0 = Debug|Any CPU
		{74A10729-8D3D-47ED-955D-57DF072603ED}.Release|Any CPU.ActiveCfg = Release|Any CPU
		{74A10729-8D3D-47ED-955D-57DF072603ED}.Release|Any CPU.Build.0 = Release|Any CPU
	EndGlobalSection
	GlobalSection(SolutionProperties) = preSolution
		HideSolutionNode = FALSE
	EndGlobalSection
	GlobalSection(NestedProjects) = preSolution
		{03CB5FF4-48BD-4374-ADFB-D32B7C2D351F} = {CCE94C78-8EF9-4BF1-9D4E-954A8F4AD4AE}
		{74A10729-8D3D-47ED-955D-57DF072603ED} = {0EE3EA92-A8B8-44E8-86CF-30EBA72E24A3}
	EndGlobalSection
	GlobalSection(ExtensibilityGlobals) = postSolution
		SolutionGuid = {F8A00627-69E1-4395-8FD5-64A6082DE345}
	EndGlobalSection
EndGlobal
